{
    "_meta": {
        "hash": {
            "sha256": "f210c766e9b40e87b29d4e5d963c58910799d4c784051a53cb7fcf9d85a006df"
        },
        "pipfile-spec": 6,
        "requires": {
            "python_version": "3.9"
        },
        "sources": [
            {
                "name": "pypi",
                "url": "https://pypi.org/simple",
                "verify_ssl": true
            }
        ]
    },
    "default": {},
    "develop": {}
}
